{
  "name": "infra",
  "lockfileVersion": 3,
  "requires": true,
  "packages": {
    "": {
      "devDependencies": {
        "supabase": "^2.115.0-beta.15"
      }
    },
    "node_modules/@ecies/ciphers": {
      "version": "0.2.6",
      "resolved": "https://registry.npmjs.org/@ecies/ciphers/-/ciphers-0.2.6.tgz",
      "integrity": "sha512-patgsRPKGkhhoBjETV4XxD0En4ui5fbX0hzayqI3M8tvNMGUoUvmyYAIWwlxBc1KX5cturfqByYdj5bYGRpN9g==",
      "dev": true,
      "license": "MIT",
      "engines": {
        "bun": ">=1",
        "deno": ">=2.7.10",
        "node": ">=16"
      },
      "peerDependencies": {
        "@noble/ciphers": "^1.0.0"
      }
    },
    "node_modules/@noble/ciphers": {
      "version": "1.3.0",
      "resolved": "https://registry.npmjs.org/@noble/ciphers/-/ciphers-1.3.0.tgz",
      "integrity": "sha512-2I0gnIVPtfnMw9ee9h1dJG7tp81+8Ob3OJb3Mv37rx5L40/b0i7djjCVvGOVqc9AEIQyvyu1i6ypKdFw8R8gQw==",
      "dev": true,
      "license": "MIT",
      "engines": {
        "node": "^14.21.3 || >=16"
      },
      "funding": {
        "url": "https://paulmillr.com/funding/"
      }
    },
    "node_modules/@noble/curves": {
      "version": "1.9.7",
      "resolved": "https://registry.npmjs.org/@noble/curves/-/curves-1.9.7.tgz",
      "integrity": "sha512-gbKGcRUYIjA3/zCCNaWDciTMFI0dCkvou3TL8Zmy5Nc7sJ47a0jtOeZoTaMxkuqRo9cRhjOdZJXegxYE5FN/xw==",
      "dev": true,
      "license": "MIT",
      "dependencies": {
        "@noble/hashes": "1.8.0"
      },
      "engines": {
        "node": "^14.21.3 || >=16"
      },
      "funding": {
        "url": "https://paulmillr.com/funding/"
      }
    },
    "node_modules/@noble/hashes": {
      "version": "1.8.0",
      "resolved": "https://registry.npmjs.org/@noble/hashes/-/hashes-1.8.0.tgz",
      "integrity": "sha512-jCs9ldd7NwzpgXDIf6P3+NrHh9/sD6CQdxHyjQI+h/6rDNo88ypBxxz45UDuZHz9r3tNz7N/VInSVoVdtXEI4A==",
      "dev": true,
      "license": "MIT",
      "engines": {
        "node": "^14.21.3 || >=16"
      },
      "funding": {
        "url": "https://paulmillr.com/funding/"
      }
    },
    "node_modules/@supabase/cli-darwin-arm64": {
      "version": "2.115.0-beta.15",
      "resolved": "https://registry.npmjs.org/@supabase/cli-darwin-arm64/-/cli-darwin-arm64-2.115.0-beta.15.tgz",
      "integrity": "sha512-Eb/NpMWSCOSIEagikSKfMgBWTFLYk6Nn6RFgRbxdDTV1ucsiMvhHp2S5yWV1fOptI7DKVg/XlACUq2Oa+ITwmw==",
      "cpu": [
        "arm64"
      ],
      "dev": true,
      "license": "MIT",
      "optional": true,
      "os": [
        "darwin"
      ]
    },
    "node_modules/@supabase/cli-darwin-x64": {
      "version": "2.115.0-beta.15",
      "resolved": "https://registry.npmjs.org/@supabase/cli-darwin-x64/-/cli-darwin-x64-2.115.0-beta.15.tgz",
      "integrity": "sha512-hpjAS+yn5/qL9ET0u3O6k/lzIql5KptDq6qD87+AL1MxvMV8k0FV8gZD1tc/pIAL1FmrqtjRuKBHyzfHrVVaZQ==",
      "cpu": [
        "x64"
      ],
      "dev": true,
      "license": "MIT",
      "optional": true,
      "os": [
        "darwin"
      ]
    },
    "node_modules/@supabase/cli-linux-arm64": {
      "version": "2.115.0-beta.15",
      "resolved": "https://registry.npmjs.org/@supabase/cli-linux-arm64/-/cli-linux-arm64-2.115.0-beta.15.tgz",
      "integrity": "sha512-I9YKSmmnJwQOe1wTiK6QBUzLeEL5WuPuvnudukRBJoUccNR8FgiHeFSi2R4uzJ3CkKINM76awBmqOLZvxUF8zw==",
      "cpu": [
        "arm64"
      ],
      "dev": true,
      "license": "MIT",
      "optional": true,
      "os": [
        "linux"
      ]
    },
    "node_modules/@supabase/cli-linux-arm64-musl": {
      "version": "2.115.0-beta.15",
      "resolved": "https://registry.npmjs.org/@supabase/cli-linux-arm64-musl/-/cli-linux-arm64-musl-2.115.0-beta.15.tgz",
      "integrity": "sha512-tWqt1zPllSFTfrpNDYeKIX/Ks5rQZ4QnVKNapmd1hp5Qodaj9UsCStzYqrimSPf6pZpsYRbyC3v6Uoah4ioZeg==",
      "cpu": [
        "arm64"
      ],
      "dev": true,
      "license": "MIT",
      "optional": true,
      "os": [
        "linux"
      ]
    },
    "node_modules/@supabase/cli-linux-x64": {
      "version": "2.115.0-beta.15",
      "resolved": "https://registry.npmjs.org/@supabase/cli-linux-x64/-/cli-linux-x64-2.115.0-beta.15.tgz",
      "integrity": "sha512-Zdk5RZLf5Qdpve14eg5LwE6DDzTAsQ9PVXt8Zrmy8fhQaWYZ5qckG00ksHv/88xKklitCTskFEyOl7Y7NjEljg==",
      "cpu": [
        "x64"
      ],
      "dev": true,
      "license": "MIT",
      "optional": true,
      "os": [
        "linux"
      ]
    },
    "node_modules/@supabase/cli-linux-x64-musl": {
      "version": "2.115.0-beta.15",
      "resolved": "https://registry.npmjs.org/@supabase/cli-linux-x64-musl/-/cli-linux-x64-musl-2.115.0-beta.15.tgz",
      "integrity": "sha512-YOUkhBZpFTU1rQm7AvBWphNHRH064FUHskbNYHVdssgKr/AZonT94l+0ThV3bSvIHLmd6cuQVyBY9GKmxdwqAQ==",
      "cpu": [
        "x64"
      ],
      "dev": true,
      "license": "MIT",
      "optional": true,
      "os": [
        "linux"
      ]
    },
    "node_modules/@supabase/cli-windows-arm64": {
      "version": "2.115.0-beta.15",
      "resolved": "https://registry.npmjs.org/@supabase/cli-windows-arm64/-/cli-windows-arm64-2.115.0-beta.15.tgz",
      "integrity": "sha512-Pj+85MZd4iL7x3fvRX0t9iJqbh+M4PBF/U6eTyNMFPQZlLqTa0xP9TBrMHZBdSfyTN7grdR1+bp1Osml7Bpm6A==",
      "cpu": [
        "arm64"
      ],
      "dev": true,
      "license": "MIT",
      "optional": true,
      "os": [
        "win32"
      ]
    },
    "node_modules/@supabase/cli-windows-x64": {
      "version": "2.115.0-beta.15",
      "resolved": "https://registry.npmjs.org/@supabase/cli-windows-x64/-/cli-windows-x64-2.115.0-beta.15.tgz",
      "integrity": "sha512-6lFx2Hl+C+9KlC52HzPheWkcSv4Xm2xMMJFV2GGP9zNMMp+abS8RB8vNIzgQnqhzu747AtG+4te4extqT5vaBQ==",
      "cpu": [
        "x64"
      ],
      "dev": true,
      "license": "MIT",
      "optional": true,
      "os": [
        "win32"
      ]
    },
    "node_modules/eciesjs": {
      "version": "0.5.0",
      "resolved": "https://registry.npmjs.org/eciesjs/-/eciesjs-0.5.0.tgz",
      "integrity": "sha512-s0J9SEVYAEPg7J63GFMApLYzPH9VNIQIyC6s15JpnqVc0TqcKWdbgFlnAweEBRyMmko2dcs2sfC83Hj4J43tuA==",
      "dev": true,
      "license": "MIT",
      "dependencies": {
        "@ecies/ciphers": "^0.2.6",
        "@noble/ciphers": "^1.3.0",
        "@noble/curves": "^1.9.7",
        "@noble/hashes": "^1.8.0"
      },
      "engines": {
        "bun": ">=1",
        "deno": ">=2.7.10",
        "node": ">=16"
      }
    },
    "node_modules/jose": {
      "version": "6.2.9",
      "resolved": "https://registry.npmjs.org/jose/-/jose-6.2.9.tgz",
      "integrity": "sha512-XrchZOFZUl/T3vTwRe8XK+cJrGtMF4th1ARnDfwbBXFKThGhlsxEE4Zu03AD/bjJSt/9jT/mxrOCkJWOg77aPA==",
      "dev": true,
      "license": "MIT",
      "funding": {
        "url": "https://github.com/sponsors/panva"
      }
    },
    "node_modules/supabase": {
      "version": "2.115.0-beta.15",
      "resolved": "https://registry.npmjs.org/supabase/-/supabase-2.115.0-beta.15.tgz",
      "integrity": "sha512-L98ykNZhFLRRQAY1cT4M35B8Foj08GmAr+Cxtzqs/sgOkBNt08m2hirH3YatB1jt/THwBZIFT14VQp1P2zE+5A==",
      "dev": true,
      "license": "MIT",
      "dependencies": {
        "eciesjs": "^0.5.0",
        "jose": "^6.2.4"
      },
      "bin": {
        "supabase": "dist/supabase.js"
      },
      "optionalDependencies": {
        "@supabase/cli-darwin-arm64": "2.115.0-beta.15",
        "@supabase/cli-darwin-x64": "2.115.0-beta.15",
        "@supabase/cli-linux-arm64": "2.115.0-beta.15",
        "@supabase/cli-linux-arm64-musl": "2.115.0-beta.15",
        "@supabase/cli-linux-x64": "2.115.0-beta.15",
        "@supabase/cli-linux-x64-musl": "2.115.0-beta.15",
        "@supabase/cli-windows-arm64": "2.115.0-beta.15",
        "@supabase/cli-windows-x64": "2.115.0-beta.15"
      }
    }
  }
}
